
Microsoft Visual Studio Solution File, Format Version 12.00
# Visual Studio Version 16
VisualStudioVersion = 16.0.29519.181
MinimumVisualStudioVersion = 10.0.40219.1
Project("{FAE04EC0-301F-11D3-BF4B-00C04F79EFBC}") = "DelegateEvent", "DelegateEvent\DelegateEvent.csproj", "{C0BAD8D9-77D7-4373-865F-30383743BBF6}"
EndProject
Global
	GlobalSection(SolutionConfigurationPlatforms) = preSolution
		Debug|Any CPU = Debug|Any CPU
		Release|Any CPU = Release|Any CPU
	EndGlobalSection
	GlobalSection(ProjectConfigurationPlatforms) = postSolution
		{C0BAD8D9-77D7-4373-865F-30383743BBF6}.Debug|Any CPU.ActiveCfg = Debug|Any CPU
		{C0BAD8D9-77D7-4373-865F-30383743BBF6}.Debug|Any CPU.Build.0 = Debug|Any CPU
		{C0BAD8D9-77D7-4373-865F-30383743BBF6}.Release|Any CPU.ActiveCfg = Release|Any CPU
		{C0BAD8D9-77D7-4373-865F-30383743BBF6}.Release|Any CPU.Build.0 = Release|Any CPU
	EndGlobalSection
	GlobalSection(SolutionProperties) = preSolution
		HideSolutionNode = FALSE
	EndGlobalSection
	GlobalSection(ExtensibilityGlobals) = postSolution
		SolutionGuid = {A5DE89C7-8812-4100-A07C-6127E70F5CC0}
	EndGlobalSection
EndGlobal
